
Microsoft Visual Studio Solution File, Format Version 12.00
# Visual Studio Version 16
VisualStudioVersion = 16.0.30413.136
MinimumVisualStudioVersion = 10.0.40219.1
Project("{FAE04EC0-301F-11D3-BF4B-00C04F79EFBC}") = "Wetherforecast", "Wetherforecast\Wetherforecast.csproj", "{808720E2-691A-4EBD-AAF5-59F80F6BD7F6}"
EndProject
Global
	GlobalSection(SolutionConfigurationPlatforms) = preSolution
		Debug|Any CPU = Debug|Any CPU
		Release|Any CPU = Release|Any CPU
	EndGlobalSection
	GlobalSection(ProjectConfigurationPlatforms) = postSolution
		{808720E2-691A-4EBD-AAF5-59F80F6BD7F6}.Debug|Any CPU.ActiveCfg = Debug|Any CPU
		{808720E2-691A-4EBD-AAF5-59F80F6BD7F6}.Debug|Any CPU.Build.0 = Debug|Any CPU
		{808720E2-691A-4EBD-AAF5-59F80F6BD7F6}.Release|Any CPU.ActiveCfg = Release|Any CPU
		{808720E2-691A-4EBD-AAF5-59F80F6BD7F6}.Release|Any CPU.Build.0 = Release|Any CPU
	EndGlobalSection
	GlobalSection(SolutionProperties) = preSolution
		HideSolutionNode = FALSE
	EndGlobalSection
	GlobalSection(ExtensibilityGlobals) = postSolution
		SolutionGuid = {2959C503-73B2-4662-AC8B-152C3BEB2DA2}
	EndGlobalSection
EndGlobal
